
Microsoft Visual Studio Solution File, Format Version 12.00
# Visual Studio Version 16
VisualStudioVersion = 16.0.31410.357
MinimumVisualStudioVersion = 10.0.40219.1
Project("{9A19103F-16F7-4668-BE54-9A1E7A4F7556}") = "GloboCrypto.WebAPI", "GloboCrypto.WebAPI\GloboCrypto.WebAPI.csproj", "{502EC527-78A3-410A-A85E-6A1E9A83C784}"
EndProject
Project("{9A19103F-16F7-4668-BE54-9A1E7A4F7556}") = "GloboCrypto.Models", "GloboCrypto.Models\GloboCrypto.Models.csproj", "{7CA67173-C80A-444A-82FF-AD1CD6167F86}"
EndProject
Project("{9A19103F-16F7-4668-BE54-9A1E7A4F7556}") = "GloboCrypto.WebAPI.Services", "GloboCrypto.WebAPI.Services\GloboCrypto.WebAPI.Services.csproj", "{92A8C654-D2F9-4E62-8F29-E1830439C752}"
EndProject
Project("{9A19103F-16F7-4668-BE54-9A1E7A4F7556}") = "GloboCrypto.Tests", "GloboCrypto.Tests\GloboCrypto.Tests.csproj", "{B0E57E65-8318-4DD1-9E73-7B6B99DADF3D}"
EndProject
Project("{9A19103F-16F7-4668-BE54-9A1E7A4F7556}") = "GloboCrypto.PWA", "GloboCrypto.PWA\GloboCrypto.PWA.csproj", "{E4609576-6CC4-405B-8C91-DAF986E9F75C}"
EndProject
Project("{9A19103F-16F7-4668-BE54-9A1E7A4F7556}") = "GloboCrypto.CoinMonitor", "GloboCrypto.CoinMonitor\GloboCrypto.CoinMonitor.csproj", "{FD97BBC1-0468-4572-8D57-3D7FC5D9C675}"
EndProject
Global
	GlobalSection(SolutionConfigurationPlatforms) = preSolution
		Debug|Any CPU = Debug|Any CPU
		Release|Any CPU = Release|Any CPU
	EndGlobalSection
	GlobalSection(ProjectConfigurationPlatforms) = postSolution
		{502EC527-78A3-410A-A85E-6A1E9A83C784}.Debug|Any CPU.ActiveCfg = Debug|Any CPU
		{502EC527-78A3-410A-A85E-6A1E9A83C784}.Debug|Any CPU.Build.0 = Debug|Any CPU
		{502EC527-78A3-410A-A85E-6A1E9A83C784}.Release|Any CPU.ActiveCfg = Release|Any CPU
		{502EC527-78A3-410A-A85E-6A1E9A83C784}.Release|Any CPU.Build.0 = Release|Any CPU
		{7CA67173-C80A-444A-82FF-AD1CD6167F86}.Debug|Any CPU.ActiveCfg = Debug|Any CPU
		{7CA67173-C80A-444A-82FF-AD1CD6167F86}.Debug|Any CPU.Build.0 = Debug|Any CPU
		{7CA67173-C80A-444A-82FF-AD1CD6167F86}.Release|Any CPU.ActiveCfg = Release|Any CPU
		{7CA67173-C80A-444A-82FF-AD1CD6167F86}.Release|Any CPU.Build.0 = Release|Any CPU
		{92A8C654-D2F9-4E62-8F29-E1830439C752}.Debug|Any CPU.ActiveCfg = Debug|Any CPU
		{92A8C654-D2F9-4E62-8F29-E1830439C752}.Debug|Any CPU.Build.0 = Debug|Any CPU
		{92A8C654-D2F9-4E62-8F29-E1830439C752}.Release|Any CPU.ActiveCfg = Release|Any CPU
		{92A8C654-D2F9-4E62-8F29-E1830439C752}.Release|Any CPU.Build.0 = Release|Any CPU
		{B0E57E65-8318-4DD1-9E73-7B6B99DADF3D}.Debug|Any CPU.ActiveCfg = Debug|Any CPU
		{B0E57E65-8318-4DD1-9E73-7B6B99DADF3D}.Debug|Any CPU.Build.0 = Debug|Any CPU
		{B0E57E65-8318-4DD1-9E73-7B6B99DADF3D}.Release|Any CPU.ActiveCfg = Release|Any CPU
		{B0E57E65-8318-4DD1-9E73-7B6B99DADF3D}.Release|Any CPU.Build.0 = Release|Any CPU
		{E4609576-6CC4-405B-8C91-DAF986E9F75C}.Debug|Any CPU.ActiveCfg = Debug|Any CPU
		{E4609576-6CC4-405B-8C91-DAF986E9F75C}.Debug|Any CPU.Build.0 = Debug|Any CPU
		{E4609576-6CC4-405B-8C91-DAF986E9F75C}.Release|Any CPU.ActiveCfg = Release|Any CPU
		{E4609576-6CC4-405B-8C91-DAF986E9F75C}.Release|Any CPU.Build.0 = Release|Any CPU
		{FD97BBC1-0468-4572-8D57-3D7FC5D9C675}.Debug|Any CPU.ActiveCfg = Debug|Any CPU
		{FD97BBC1-0468-4572-8D57-3D7FC5D9C675}.Debug|Any CPU.Build.0 = Debug|Any CPU
		{FD97BBC1-0468-4572-8D57-3D7FC5D9C675}.Release|Any CPU.ActiveCfg = Release|Any CPU
		{FD97BBC1-0468-4572-8D57-3D7FC5D9C675}.Release|Any CPU.Build.0 = Release|Any CPU
	EndGlobalSection
	GlobalSection(SolutionProperties) = preSolution
		HideSolutionNode = FALSE
	EndGlobalSection
	GlobalSection(ExtensibilityGlobals) = postSolution
		SolutionGuid = {ADB86637-934D-439C-BB1D-C69580D83760}
	EndGlobalSection
EndGlobal
